github.com/stalltrix/kep-demo v0.2.1 h1:ePfVWijlaY75QZf+wSOg8sxsEdOMfTzkNVFdjtWTrxg=
github.com/stalltrix/kep-demo v0.2.1/go.mod h1:WAIc6l6uJLAyuNbRbF/wjlVjTYXoQT+pL0d8BzeXpIU=
golang.org/x/net v0.43.0 h1:lat02VYK2j4aLzMzecihNvTlJNQUq316m2Mr9rnM6YE=
golang.org/x/net v0.43.0/go.mod h1:vhO1fvI4dGsIjh73sWfUVjj3N7CA9WkKJNQm2svM6Jg=
